{
  "name": "slingshot-node-monorepo",
  "version": "0.0.0",
  "lockfileVersion": 3,
  "requires": true,
  "packages": {
    "": {
      "name": "slingshot-node-monorepo",
      "version": "0.0.0",
      "license": "MIT",
      "workspaces": [
        "example_app",
        "capacitor_plugin"
      ]
    },
    "capacitor_plugin": {
      "version": "0.0.0",
      "license": "MIT",
      "devDependencies": {}
    },
    "example_app": {
      "version": "0.0.0",
      "license": "MIT"
    },
    "node_modules/capacitor_plugin": {
      "resolved": "capacitor_plugin",
      "link": true
    },
    "node_modules/example_app": {
      "resolved": "example_app",
      "link": true
    }
  }
}
